
Microsoft Visual Studio Solution File, Format Version 12.00
# Visual Studio Version 17
VisualStudioVersion = 17.3.32811.315
MinimumVisualStudioVersion = 10.0.40219.1
Project("{FAE04EC0-301F-11D3-BF4B-00C04F79EFBC}") = "ReproductorDeMusica", "ReproductorDeMusica.csproj", "{913FEB8A-BCE7-4E22-917C-2B4F92312A5B}"
EndProject
Project("{FAE04EC0-301F-11D3-BF4B-00C04F79EFBC}") = "Reproductor", "..\Reproductor\Reproductor.csproj", "{0260D085-079B-4730-B570-7BD8ED1CEEC7}"
EndProject
Project("{FAE04EC0-301F-11D3-BF4B-00C04F79EFBC}") = "Usuarios", "..\Usuarios\Usuarios.csproj", "{FECE854A-616D-4E40-B156-75EC701A6DEA}"
EndProject
Global
	GlobalSection(SolutionConfigurationPlatforms) = preSolution
		Debug|Any CPU = Debug|Any CPU
		Release|Any CPU = Release|Any CPU
	EndGlobalSection
	GlobalSection(ProjectConfigurationPlatforms) = postSolution
		{913FEB8A-BCE7-4E22-917C-2B4F92312A5B}.Debug|Any CPU.ActiveCfg = Debug|Any CPU
		{913FEB8A-BCE7-4E22-917C-2B4F92312A5B}.Debug|Any CPU.Build.0 = Debug|Any CPU
		{913FEB8A-BCE7-4E22-917C-2B4F92312A5B}.Release|Any CPU.ActiveCfg = Release|Any CPU
		{913FEB8A-BCE7-4E22-917C-2B4F92312A5B}.Release|Any CPU.Build.0 = Release|Any CPU
		{0260D085-079B-4730-B570-7BD8ED1CEEC7}.Debug|Any CPU.ActiveCfg = Debug|Any CPU
		{0260D085-079B-4730-B570-7BD8ED1CEEC7}.Debug|Any CPU.Build.0 = Debug|Any CPU
		{0260D085-079B-4730-B570-7BD8ED1CEEC7}.Release|Any CPU.ActiveCfg = Release|Any CPU
		{0260D085-079B-4730-B570-7BD8ED1CEEC7}.Release|Any CPU.Build.0 = Release|Any CPU
		{FECE854A-616D-4E40-B156-75EC701A6DEA}.Debug|Any CPU.ActiveCfg = Debug|Any CPU
		{FECE854A-616D-4E40-B156-75EC701A6DEA}.Debug|Any CPU.Build.0 = Debug|Any CPU
		{FECE854A-616D-4E40-B156-75EC701A6DEA}.Release|Any CPU.ActiveCfg = Release|Any CPU
		{FECE854A-616D-4E40-B156-75EC701A6DEA}.Release|Any CPU.Build.0 = Release|Any CPU
	EndGlobalSection
	GlobalSection(SolutionProperties) = preSolution
		HideSolutionNode = FALSE
	EndGlobalSection
	GlobalSection(ExtensibilityGlobals) = postSolution
		SolutionGuid = {6767186D-AEE0-477A-8F3E-BD88CC7F1E5E}
	EndGlobalSection
EndGlobal
